Microsoft Visual Studio Solution File, Format Version 11.00
# Visual Studio 2008

Project("{876679A5-91F0-133F-0191-70B922E6D9D3}") = "VCSS_Island", "Assembly-CSharp-firstpass.csproj", "{BDE7EA2F-3AB3-5B99-9BD5-0DBC684B632E}"
EndProject
Project("{876679A5-91F0-133F-0191-70B922E6D9D3}") = "VCSS_Island", "Assembly-UnityScript-firstpass.unityproj", "{251700CC-21A1-55F8-3BB0-FF5E0E03A9FE}"
EndProject
Project("{876679A5-91F0-133F-0191-70B922E6D9D3}") = "VCSS_Island", "Assembly-UnityScript.unityproj", "{36F610B1-87C2-26BD-CDF5-23EEC5B915A5}"
EndProject
Global
	GlobalSection(SolutionConfigurationPlatforms) = preSolution
		Debug|Any CPU = Debug|Any CPU
		Release|Any CPU = Release|Any CPU
	EndGlobalSection
	GlobalSection(ProjectConfigurationPlatforms) = postSolution
		{BDE7EA2F-3AB3-5B99-9BD5-0DBC684B632E}.Debug|Any CPU.ActiveCfg = Debug|Any CPU
		{BDE7EA2F-3AB3-5B99-9BD5-0DBC684B632E}.Debug|Any CPU.Build.0 = Debug|Any CPU
		{BDE7EA2F-3AB3-5B99-9BD5-0DBC684B632E}.Release|Any CPU.ActiveCfg = Release|Any CPU
		{BDE7EA2F-3AB3-5B99-9BD5-0DBC684B632E}.Release|Any CPU.Build.0 = Release|Any CPU
		{251700CC-21A1-55F8-3BB0-FF5E0E03A9FE}.Debug|Any CPU.ActiveCfg = Debug|Any CPU
		{251700CC-21A1-55F8-3BB0-FF5E0E03A9FE}.Debug|Any CPU.Build.0 = Debug|Any CPU
		{251700CC-21A1-55F8-3BB0-FF5E0E03A9FE}.Release|Any CPU.ActiveCfg = Release|Any CPU
		{251700CC-21A1-55F8-3BB0-FF5E0E03A9FE}.Release|Any CPU.Build.0 = Release|Any CPU
		{36F610B1-87C2-26BD-CDF5-23EEC5B915A5}.Debug|Any CPU.ActiveCfg = Debug|Any CPU
		{36F610B1-87C2-26BD-CDF5-23EEC5B915A5}.Debug|Any CPU.Build.0 = Debug|Any CPU
		{36F610B1-87C2-26BD-CDF5-23EEC5B915A5}.Release|Any CPU.ActiveCfg = Release|Any CPU
		{36F610B1-87C2-26BD-CDF5-23EEC5B915A5}.Release|Any CPU.Build.0 = Release|Any CPU
	EndGlobalSection
	GlobalSection(SolutionProperties) = preSolution
		HideSolutionNode = FALSE
	EndGlobalSection
									GlobalSection(MonoDevelopProperties) = preSolution
		StartupItem = Assembly-CSharp.csproj
		Policies = $0
		$0.TextStylePolicy = $1
		$1.inheritsSet = null
		$1.scope = text/x-csharp
		$0.CSharpFormattingPolicy = $2
		$2.inheritsSet = Mono
		$2.inheritsScope = text/x-csharp
		$2.scope = text/x-csharp
		$0.TextStylePolicy = $3
		$3.FileWidth = 120
		$3.TabWidth = 4
		$3.EolMarker = Unix
		$3.inheritsSet = Mono
		$3.inheritsScope = text/plain
		$3.scope = text/plain
	EndGlobalSection

EndGlobal
